
Microsoft Visual Studio Solution File, Format Version 12.00
# Visual Studio 14
VisualStudioVersion = 14.0.25123.0
MinimumVisualStudioVersion = 10.0.40219.1
Project("{FAE04EC0-301F-11D3-BF4B-00C04F79EFBC}") = "Cake.TestFairy", "Cake.TestFiiry\Cake.TestFairy.csproj", "{9501AB1E-3396-410D-BC8B-C1514619C39F}"
EndProject
Project("{FAE04EC0-301F-11D3-BF4B-00C04F79EFBC}") = "Cake.TestFairy.Tests", "Cake.TestFairy.Tests\Cake.TestFairy.Tests.csproj", "{5503D0B7-3FAF-4742-A760-EDC13CA2D219}"
EndProject
Global
	GlobalSection(SolutionConfigurationPlatforms) = preSolution
		Debug|Any CPU = Debug|Any CPU
		Release|Any CPU = Release|Any CPU
	EndGlobalSection
	GlobalSection(ProjectConfigurationPlatforms) = postSolution
		{9501AB1E-3396-410D-BC8B-C1514619C39F}.Debug|Any CPU.ActiveCfg = Debug|Any CPU
		{9501AB1E-3396-410D-BC8B-C1514619C39F}.Debug|Any CPU.Build.0 = Debug|Any CPU
		{9501AB1E-3396-410D-BC8B-C1514619C39F}.Release|Any CPU.ActiveCfg = Release|Any CPU
		{9501AB1E-3396-410D-BC8B-C1514619C39F}.Release|Any CPU.Build.0 = Release|Any CPU
		{5503D0B7-3FAF-4742-A760-EDC13CA2D219}.Debug|Any CPU.ActiveCfg = Debug|Any CPU
		{5503D0B7-3FAF-4742-A760-EDC13CA2D219}.Debug|Any CPU.Build.0 = Debug|Any CPU
		{5503D0B7-3FAF-4742-A760-EDC13CA2D219}.Release|Any CPU.ActiveCfg = Release|Any CPU
		{5503D0B7-3FAF-4742-A760-EDC13CA2D219}.Release|Any CPU.Build.0 = Release|Any CPU
	EndGlobalSection
	GlobalSection(SolutionProperties) = preSolution
		HideSolutionNode = FALSE
	EndGlobalSection
EndGlobal
